// !$*UTF8*$!
{
	archiveVersion = 1;
	classes = {
	};
	objectVersion = 50;
	objects = {

/* Begin PBXBuildFile section */
		8423B78724DB83E200601CFE /* ModerationViewController.swift in Sources */ = {isa = PBXBuildFile; fileRef = 8423B78624DB83E200601CFE /* ModerationViewController.swift */; };
		8423B78B24DB843A00601CFE /* InteractionViewController.swift in Sources */ = {isa = PBXBuildFile; fileRef = 8423B78A24DB843A00601CFE /* InteractionViewController.swift */; };
		8497B87124D9C65600EE4E2F /* AppDelegate.swift in Sources */ = {isa = PBXBuildFile; fileRef = 8497B87024D9C65600EE4E2F /* AppDelegate.swift */; };
		8497B87324D9C65600EE4E2F /* SceneDelegate.swift in Sources */ = {isa = PBXBuildFile; fileRef = 8497B87224D9C65600EE4E2F /* SceneDelegate.swift */; };
		8497B87524D9C65600EE4E2F /* ViewController.swift in Sources */ = {isa = PBXBuildFile; fileRef = 8497B87424D9C65600EE4E2F /* ViewController.swift */; };
		8497B87824D9C65600EE4E2F /* Main.storyboard in Resources */ = {isa = PBXBuildFile; fileRef = 8497B87624D9C65600EE4E2F /* Main.storyboard */; };
		8497B87A24D9C65800EE4E2F /* Assets.xcassets in Resources */ = {isa = PBXBuildFile; fileRef = 8497B87924D9C65800EE4E2F /* Assets.xcassets */; };
		8497B87D24D9C65800EE4E2F /* LaunchScreen.storyboard in Resources */ = {isa = PBXBuildFile; fileRef = 8497B87B24D9C65800EE4E2F /* LaunchScreen.storyboard */; };
		84AC277D24DB76D400BEEDDA /* UtilityViewController.swift in Sources */ = {isa = PBXBuildFile; fileRef = 84AC277C24DB76D400BEEDDA /* UtilityViewController.swift */; };
/* End PBXBuildFile section */

/* Begin PBXFileReference section */
		8423B78624DB83E200601CFE /* ModerationViewController.swift */ = {isa = PBXFileReference; lastKnownFileType = sourcecode.swift; path = ModerationViewController.swift; sourceTree = "<group>"; };
		8423B78A24DB843A00601CFE /* InteractionViewController.swift */ = {isa = PBXFileReference; lastKnownFileType = sourcecode.swift; path = InteractionViewController.swift; sourceTree = "<group>"; };
		8497B86D24D9C65600EE4E2F /* DiscOS.app */ = {isa = PBXFileReference; explicitFileType = wrapper.application; includeInIndex = 0; path = DiscOS.app; sourceTree = BUILT_PRODUCTS_DIR; };
		8497B87024D9C65600EE4E2F /* AppDelegate.swift */ = {isa = PBXFileReference; lastKnownFileType = sourcecode.swift; path = AppDelegate.swift; sourceTree = "<group>"; };
		8497B87224D9C65600EE4E2F /* SceneDelegate.swift */ = {isa = PBXFileReference; lastKnownFileType = sourcecode.swift; path = SceneDelegate.swift; sourceTree = "<group>"; };
		8497B87424D9C65600EE4E2F /* ViewController.swift */ = {isa = PBXFileReference; lastKnownFileType = sourcecode.swift; path = ViewController.swift; sourceTree = "<group>"; };
		8497B87724D9C65600EE4E2F /* Base */ = {isa = PBXFileReference; lastKnownFileType = file.storyboard; name = Base; path = Base.lproj/Main.storyboard; sourceTree = "<group>"; };
		8497B87924D9C65800EE4E2F /* Assets.xcassets */ = {isa = PBXFileReference; lastKnownFileType = folder.assetcatalog; path = Assets.xcassets; sourceTree = "<group>"; };
		8497B87C24D9C65800EE4E2F /* Base */ = {isa = PBXFileReference; lastKnownFileType = file.storyboard; name = Base; path = Base.lproj/LaunchScreen.storyboard; sourceTree = "<group>"; };
		8497B87E24D9C65800EE4E2F /* Info.plist */ = {isa = PBXFileReference; lastKnownFileType = text.plist.xml; path = Info.plist; sourceTree = "<group>"; };
		84AC277C24DB76D400BEEDDA /* UtilityViewController.swift */ = {isa = PBXFileReference; lastKnownFileType = sourcecode.swift; path = UtilityViewController.swift; sourceTree = "<group>"; };
/* End PBXFileReference section */

/* Begin PBXFrameworksBuildPhase section */
		8497B86A24D9C65600EE4E2F /* Frameworks */ = {
			isa = PBXFrameworksBuildPhase;
			buildActionMask = 2147483647;
			files = (
			);
			runOnlyForDeploymentPostprocessing = 0;
		};
/* End PBXFrameworksBuildPhase section */

/* Begin PBXGroup section */
		8497B86424D9C65600EE4E2F = {
			isa = PBXGroup;
			children = (
				8497B86F24D9C65600EE4E2F /* DiscOS */,
				8497B86E24D9C65600EE4E2F /* Products */,
			);
			sourceTree = "<group>";
		};
		8497B86E24D9C65600EE4E2F /* Products */ = {
			isa = PBXGroup;
			children = (
				8497B86D24D9C65600EE4E2F /* DiscOS.app */,
			);
			name = Products;
			sourceTree = "<group>";
		};
		8497B86F24D9C65600EE4E2F /* DiscOS */ = {
			isa = PBXGroup;
			children = (
				8497B87024D9C65600EE4E2F /* AppDelegate.swift */,
				8497B87224D9C65600EE4E2F /* SceneDelegate.swift */,
				8497B87424D9C65600EE4E2F /* ViewController.swift */,
				8497B87624D9C65600EE4E2F /* Main.storyboard */,
				8423B78A24DB843A00601CFE /* InteractionViewController.swift */,
				8423B78624DB83E200601CFE /* ModerationViewController.swift */,
				84AC277C24DB76D400BEEDDA /* UtilityViewController.swift */,
				8497B87924D9C65800EE4E2F /* Assets.xcassets */,
				8497B87B24D9C65800EE4E2F /* LaunchScreen.storyboard */,
				8497B87E24D9C65800EE4E2F /* Info.plist */,
			);
			path = DiscOS;
			sourceTree = "<group>";
		};
/* End PBXGroup section */

/* Begin PBXNativeTarget section */
		8497B86C24D9C65600EE4E2F /* DiscOS */ = {
			isa = PBXNativeTarget;
			buildConfigurationList = 8497B88124D9C65800EE4E2F /* Build configuration list for PBXNativeTarget "DiscOS" */;
			buildPhases = (
				8497B86924D9C65600EE4E2F /* Sources */,
				8497B86A24D9C65600EE4E2F /* Frameworks */,
				8497B86B24D9C65600EE4E2F /* Resources */,
			);
			buildRules = (
			);
			dependencies = (
			);
			name = DiscOS;
			productName = DiscOS;
			productReference = 8497B86D24D9C65600EE4E2F /* DiscOS.app */;
			productType = "com.apple.product-type.application";
		};
/* End PBXNativeTarget section */

/* Begin PBXProject section */
		8497B86524D9C65600EE4E2F /* Project object */ = {
			isa = PBXProject;
			attributes = {
				LastSwiftUpdateCheck = 1160;
				LastUpgradeCheck = 1160;
				ORGANIZATIONNAME = "Aaron Peskin";
				TargetAttributes = {
					8497B86C24D9C65600EE4E2F = {
						CreatedOnToolsVersion = 11.6;
					};
				};
			};
			buildConfigurationList = 8497B86824D9C65600EE4E2F /* Build configuration list for PBXProject "DiscOS" */;
			compatibilityVersion = "Xcode 9.3";
			developmentRegion = en;
			hasScannedForEncodings = 0;
			knownRegions = (
				en,
				Base,
			);
			mainGroup = 8497B86424D9C65600EE4E2F;
			productRefGroup = 8497B86E24D9C65600EE4E2F /* Products */;
			projectDirPath = "";
			projectRoot = "";
			targets = (
				8497B86C24D9C65600EE4E2F /* DiscOS */,
			);
		};
/* End PBXProject section */

/* Begin PBXResourcesBuildPhase section */
		8497B86B24D9C65600EE4E2F /* Resources */ = {
			isa = PBXResourcesBuildPhase;
			buildActionMask = 2147483647;
			files = (
				8497B87D24D9C65800EE4E2F /* LaunchScreen.storyboard in Resources */,
				8497B87A24D9C65800EE4E2F /* Assets.xcassets in Resources */,
				8497B87824D9C65600EE4E2F /* Main.storyboard in Resources */,
			);
			runOnlyForDeploymentPostprocessing = 0;
		};
/* End PBXResourcesBuildPhase section */

/* Begin PBXSourcesBuildPhase section */
		8497B86924D9C65600EE4E2F /* Sources */ = {
			isa = PBXSourcesBuildPhase;
			buildActionMask = 2147483647;
			files = (
				8497B87524D9C65600EE4E2F /* ViewController.swift in Sources */,
				84AC277D24DB76D400BEEDDA /* UtilityViewController.swift in Sources */,
				8423B78724DB83E200601CFE /* ModerationViewController.swift in Sources */,
				8497B87124D9C65600EE4E2F /* AppDelegate.swift in Sources */,
				8497B87324D9C65600EE4E2F /* SceneDelegate.swift in Sources */,
				8423B78B24DB843A00601CFE /* InteractionViewController.swift in Sources */,
			);
			runOnlyForDeploymentPostprocessing = 0;
		};
/* End PBXSourcesBuildPhase section */

/* Begin PBXVariantGroup section */
		8497B87624D9C65600EE4E2F /* Main.storyboard */ = {
			isa = PBXVariantGroup;
			children = (
				8497B87724D9C65600EE4E2F /* Base */,
			);
			name = Main.storyboard;
			sourceTree = "<group>";
		};
		8497B87B24D9C65800EE4E2F /* LaunchScreen.storyboard */ = {
			isa = PBXVariantGroup;
			children = (
				8497B87C24D9C65800EE4E2F /* Base */,
			);
			name = LaunchScreen.storyboard;
			sourceTree = "<group>";
		};
/* End PBXVariantGroup section */

/* Begin XCBuildConfiguration section */
		8497B87F24D9C65800EE4E2F /* Debug */ = {
			isa = XCBuildConfiguration;
			buildSettings = {
				ALWAYS_SEARCH_USER_PATHS = NO;
				CLANG_ANALYZER_NONNULL = YES;
				CLANG_ANALYZER_NUMBER_OBJECT_CONVERSION = YES_AGGRESSIVE;
				CLANG_CXX_LANGUAGE_STANDARD = "gnu++14";
				CLANG_CXX_LIBRARY = "libc++";
				CLANG_ENABLE_MODULES = YES;
				CLANG_ENABLE_OBJC_ARC = YES;
				CLANG_ENABLE_OBJC_WEAK = YES;
				CLANG_WARN_BLOCK_CAPTURE_AUTORELEASING = YES;
				CLANG_WARN_BOOL_CONVERSION = YES;
				CLANG_WARN_COMMA = YES;
				CLANG_WARN_CONSTANT_CONVERSION = YES;
				CLANG_WARN_DEPRECATED_OBJC_IMPLEMENTATIONS = YES;
				CLANG_WARN_DIRECT_OBJC_ISA_USAGE = YES_ERROR;
				CLANG_WARN_DOCUMENTATION_COMMENTS = YES;
				CLANG_WARN_EMPTY_BODY = YES;
				CLANG_WARN_ENUM_CONVERSION = YES;
				CLANG_WARN_INFINITE_RECURSION = YES;
				CLANG_WARN_INT_CONVERSION = YES;
				CLANG_WARN_NON_LITERAL_NULL_CONVERSION = YES;
				CLANG_WARN_OBJC_IMPLICIT_RETAIN_SELF = YES;
				CLANG_WARN_OBJC_LITERAL_CONVERSION = YES;
				CLANG_WARN_OBJC_ROOT_CLASS = YES_ERROR;
				CLANG_WARN_RANGE_LOOP_ANALYSIS = YES;
				CLANG_WARN_STRICT_PROTOTYPES = YES;
				CLANG_WARN_SUSPICIOUS_MOVE = YES;
				CLANG_WARN_UNGUARDED_AVAILABILITY = YES_AGGRESSIVE;
				CLANG_WARN_UNREACHABLE_CODE = YES;
				CLANG_WARN__DUPLICATE_METHOD_MATCH = YES;
				COPY_PHASE_STRIP = NO;
				DEBUG_INFORMATION_FORMAT = dwarf;
				ENABLE_STRICT_OBJC_MSGSEND = YES;
				ENABLE_TESTABILITY = YES;
				GCC_C_LANGUAGE_STANDARD = gnu11;
				GCC_DYNAMIC_NO_PIC = NO;
				GCC_NO_COMMON_BLOCKS = YES;
				GCC_OPTIMIZATION_LEVEL = 0;
				GCC_PREPROCESSOR_DEFINITIONS = (
					"DEBUG=1",
					"$(inherited)",
				);
				GCC_WARN_64_TO_32_BIT_CONVERSION = YES;
				GCC_WARN_ABOUT_RETURN_TYPE = YES_ERROR;
				GCC_WARN_UNDECLARED_SELECTOR = YES;
				GCC_WARN_UNINITIALIZED_AUTOS = YES_AGGRESSIVE;
				GCC_WARN_UNUSED_FUNCTION = YES;
				GCC_WARN_UNUSED_VARIABLE = YES;
				IPHONEOS_DEPLOYMENT_TARGET = 13.6;
				MTL_ENABLE_DEBUG_INFO = INCLUDE_SOURCE;
				MTL_FAST_MATH = YES;
				ONLY_ACTIVE_ARCH = YES;
				SDKROOT = iphoneos;
				SWIFT_ACTIVE_COMPILATION_CONDITIONS = DEBUG;
				SWIFT_OPTIMIZATION_LEVEL = "-Onone";
			};
			name = Debug;
		};
		8497B88024D9C65800EE4E2F /* Release */ = {
			isa = XCBuildConfiguration;
			buildSettings = {
				ALWAYS_SEARCH_USER_PATHS = NO;
				CLANG_ANALYZER_NONNULL = YES;
				CLANG_ANALYZER_NUMBER_OBJECT_CONVERSION = YES_AGGRESSIVE;
				CLANG_CXX_LANGUAGE_STANDARD = "gnu++14";
				CLANG_CXX_LIBRARY = "libc++";
				CLANG_ENABLE_MODULES = YES;
				CLANG_ENABLE_OBJC_ARC = YES;
				CLANG_ENABLE_OBJC_WEAK = YES;
				CLANG_WARN_BLOCK_CAPTURE_AUTORELEASING = YES;
				CLANG_WARN_BOOL_CONVERSION = YES;
				CLANG_WARN_COMMA = YES;
				CLANG_WARN_CONSTANT_CONVERSION = YES;
				CLANG_WARN_DEPRECATED_OBJC_IMPLEMENTATIONS = YES;
				CLANG_WARN_DIRECT_OBJC_ISA_USAGE = YES_ERROR;
				CLANG_WARN_DOCUMENTATION_COMMENTS = YES;
				CLANG_WARN_EMPTY_BODY = YES;
				CLANG_WARN_ENUM_CONVERSION = YES;
				CLANG_WARN_INFINITE_RECURSION = YES;
				CLANG_WARN_INT_CONVERSION = YES;
				CLANG_WARN_NON_LITERAL_NULL_CONVERSION = YES;
				CLANG_WARN_OBJC_IMPLICIT_RETAIN_SELF = YES;
				CLANG_WARN_OBJC_LITERAL_CONVERSION = YES;
				CLANG_WARN_OBJC_ROOT_CLASS = YES_ERROR;
				CLANG_WARN_RANGE_LOOP_ANALYSIS = YES;
				CLANG_WARN_STRICT_PROTOTYPES = YES;
				CLANG_WARN_SUSPICIOUS_MOVE = YES;
				CLANG_WARN_UNGUARDED_AVAILABILITY = YES_AGGRESSIVE;
				CLANG_WARN_UNREACHABLE_CODE = YES;
				CLANG_WARN__DUPLICATE_METHOD_MATCH = YES;
				COPY_PHASE_STRIP = NO;
				DEBUG_INFORMATION_FORMAT = "dwarf-with-dsym";
				ENABLE_NS_ASSERTIONS = NO;
				ENABLE_STRICT_OBJC_MSGSEND = YES;
				GCC_C_LANGUAGE_STANDARD = gnu11;
				GCC_NO_COMMON_BLOCKS = YES;
				GCC_WARN_64_TO_32_BIT_CONVERSION = YES;
				GCC_WARN_ABOUT_RETURN_TYPE = YES_ERROR;
				GCC_WARN_UNDECLARED_SELECTOR = YES;
				GCC_WARN_UNINITIALIZED_AUTOS = YES_AGGRESSIVE;
				GCC_WARN_UNUSED_FUNCTION = YES;
				GCC_WARN_UNUSED_VARIABLE = YES;
				IPHONEOS_DEPLOYMENT_TARGET = 13.6;
				MTL_ENABLE_DEBUG_INFO = NO;
				MTL_FAST_MATH = YES;
				SDKROOT = iphoneos;
				SWIFT_COMPILATION_MODE = wholemodule;
				SWIFT_OPTIMIZATION_LEVEL = "-O";
				VALIDATE_PRODUCT = YES;
			};
			name = Release;
		};
		8497B88224D9C65800EE4E2F /* Debug */ = {
			isa = XCBuildConfiguration;
			buildSettings = {
				ASSETCATALOG_COMPILER_APPICON_NAME = AppIcon;
				CODE_SIGN_STYLE = Automatic;
				DEVELOPMENT_TEAM = VJ53NXHHQR;
				INFOPLIST_FILE = DiscOS/Info.plist;
				LD_RUNPATH_SEARCH_PATHS = (
					"$(inherited)",
					"@executable_path/Frameworks",
				);
				PRODUCT_BUNDLE_IDENTIFIER = BigApe.DiscOS;
				PRODUCT_NAME = "$(TARGET_NAME)";
				SWIFT_VERSION = 5.0;
				TARGETED_DEVICE_FAMILY = "1,2";
			};
			name = Debug;
		};
		8497B88324D9C65800EE4E2F /* Release */ = {
			isa = XCBuildConfiguration;
			buildSettings = {
				ASSETCATALOG_COMPILER_APPICON_NAME = AppIcon;
				CODE_SIGN_STYLE = Automatic;
				DEVELOPMENT_TEAM = VJ53NXHHQR;
				INFOPLIST_FILE = DiscOS/Info.plist;
				LD_RUNPATH_SEARCH_PATHS = (
					"$(inherited)",
					"@executable_path/Frameworks",
				);
				PRODUCT_BUNDLE_IDENTIFIER = BigApe.DiscOS;
				PRODUCT_NAME = "$(TARGET_NAME)";
				SWIFT_VERSION = 5.0;
				TARGETED_DEVICE_FAMILY = "1,2";
			};
			name = Release;
		};
/* End XCBuildConfiguration section */

/* Begin XCConfigurationList section */
		8497B86824D9C65600EE4E2F /* Build configuration list for PBXProject "DiscOS" */ = {
			isa = XCConfigurationList;
			buildConfigurations = (
				8497B87F24D9C65800EE4E2F /* Debug */,
				8497B88024D9C65800EE4E2F /* Release */,
			);
			defaultConfigurationIsVisible = 0;
			defaultConfigurationName = Release;
		};
		8497B88124D9C65800EE4E2F /* Build configuration list for PBXNativeTarget "DiscOS" */ = {
			isa = XCConfigurationList;
			buildConfigurations = (
				8497B88224D9C65800EE4E2F /* Debug */,
				8497B88324D9C65800EE4E2F /* Release */,
			);
			defaultConfigurationIsVisible = 0;
			defaultConfigurationName = Release;
		};
/* End XCConfigurationList section */
	};
	rootObject = 8497B86524D9C65600EE4E2F /* Project object */;
}
